
Microsoft Visual Studio Solution File, Format Version 12.00
# Visual Studio Version 17
VisualStudioVersion = 17.13.35828.75 d17.13
MinimumVisualStudioVersion = 10.0.40219.1
Project("{FAE04EC0-301F-11D3-BF4B-00C04F79EFBC}") = "GABS2025324AppWebMVC", "GABS2025324AppWebMVC\GABS2025324AppWebMVC.csproj", "{9A8DE4A2-C0AD-4B27-872A-3E23601705B0}"
EndProject
Global
	GlobalSection(SolutionConfigurationPlatforms) = preSolution
		Debug|Any CPU = Debug|Any CPU
		Release|Any CPU = Release|Any CPU
	EndGlobalSection
	GlobalSection(ProjectConfigurationPlatforms) = postSolution
		{9A8DE4A2-C0AD-4B27-872A-3E23601705B0}.Debug|Any CPU.ActiveCfg = Debug|Any CPU
		{9A8DE4A2-C0AD-4B27-872A-3E23601705B0}.Debug|Any CPU.Build.0 = Debug|Any CPU
		{9A8DE4A2-C0AD-4B27-872A-3E23601705B0}.Release|Any CPU.ActiveCfg = Release|Any CPU
		{9A8DE4A2-C0AD-4B27-872A-3E23601705B0}.Release|Any CPU.Build.0 = Release|Any CPU
	EndGlobalSection
	GlobalSection(SolutionProperties) = preSolution
		HideSolutionNode = FALSE
	EndGlobalSection
	GlobalSection(ExtensibilityGlobals) = postSolution
		SolutionGuid = {FF2055A4-C3E1-4A3B-9104-7C3B1ED8BB2A}
	EndGlobalSection
EndGlobal
